<?xml version="1.0" encoding="utf-8"?>
<Project ToolsVersion="15.0" xmlns="http://schemas.microsoft.com/developer/msbuild/2003">
  <ItemGroup>
    <CustomBuild Include="N:\Development\Dev_Base\curl-7.75.0\msvc\CMakeFiles\01e77882836234140c9c146f280a43a4\test-event.rule">
      <Filter>CMake Rules</Filter>
    </CustomBuild>
    <CustomBuild Include="N:\Development\Dev_Base\curl-7.75.0\tests\CMakeLists.txt" />
  </ItemGroup>
  <ItemGroup>
    <None Include="N:\Development\Dev_Base\curl-7.75.0\msvc\tests\CMakeFiles\test-event" />
  </ItemGroup>
  <ItemGroup>
    <Filter Include="CMake Rules">
      <UniqueIdentifier>{3C818A76-295E-37D5-A1E0-612920D1F4C9}</UniqueIdentifier>
    </Filter>
  </ItemGroup>
</Project>
